
Microsoft Visual Studio Solution File, Format Version 12.00
# Visual Studio 15
VisualStudioVersion = 15.0.28307.102
MinimumVisualStudioVersion = 10.0.40219.1
Project("{FAE04EC0-301F-11D3-BF4B-00C04F79EFBC}") = "WebApplication1", "WebApplication1\WebApplication1.csproj", "{09809C23-0F26-45BE-929C-A444B4E08F4F}"
EndProject
Project("{FAE04EC0-301F-11D3-BF4B-00C04F79EFBC}") = "WebApplication2", "WebApplication2\WebApplication2.csproj", "{B82D8D85-8987-411C-8371-1E54B63C677E}"
EndProject
Project("{FAE04EC0-301F-11D3-BF4B-00C04F79EFBC}") = "ProxyServer", "ProxyServer\ProxyServer.csproj", "{822F3133-6E53-4526-A71B-A9412150F0F0}"
EndProject
Project("{FAE04EC0-301F-11D3-BF4B-00C04F79EFBC}") = "MyLibrary", "MyLibrary\MyLibrary.csproj", "{9F3F87AC-57DA-4857-9A90-E3ADCFBB1B9B}"
EndProject
Project("{FAE04EC0-301F-11D3-BF4B-00C04F79EFBC}") = "ProxyServerTCP", "ProxyServerTCP\ProxyServerTCP.csproj", "{B247D757-6788-43ED-B011-5DC88BCC8601}"
EndProject
Global
	GlobalSection(SolutionConfigurationPlatforms) = preSolution
		Debug|Any CPU = Debug|Any CPU
		Release|Any CPU = Release|Any CPU
	EndGlobalSection
	GlobalSection(ProjectConfigurationPlatforms) = postSolution
		{09809C23-0F26-45BE-929C-A444B4E08F4F}.Debug|Any CPU.ActiveCfg = Debug|Any CPU
		{09809C23-0F26-45BE-929C-A444B4E08F4F}.Debug|Any CPU.Build.0 = Debug|Any CPU
		{09809C23-0F26-45BE-929C-A444B4E08F4F}.Release|Any CPU.ActiveCfg = Release|Any CPU
		{09809C23-0F26-45BE-929C-A444B4E08F4F}.Release|Any CPU.Build.0 = Release|Any CPU
		{B82D8D85-8987-411C-8371-1E54B63C677E}.Debug|Any CPU.ActiveCfg = Debug|Any CPU
		{B82D8D85-8987-411C-8371-1E54B63C677E}.Debug|Any CPU.Build.0 = Debug|Any CPU
		{B82D8D85-8987-411C-8371-1E54B63C677E}.Release|Any CPU.ActiveCfg = Release|Any CPU
		{B82D8D85-8987-411C-8371-1E54B63C677E}.Release|Any CPU.Build.0 = Release|Any CPU
		{822F3133-6E53-4526-A71B-A9412150F0F0}.Debug|Any CPU.ActiveCfg = Debug|Any CPU
		{822F3133-6E53-4526-A71B-A9412150F0F0}.Debug|Any CPU.Build.0 = Debug|Any CPU
		{822F3133-6E53-4526-A71B-A9412150F0F0}.Release|Any CPU.ActiveCfg = Release|Any CPU
		{822F3133-6E53-4526-A71B-A9412150F0F0}.Release|Any CPU.Build.0 = Release|Any CPU
		{9F3F87AC-57DA-4857-9A90-E3ADCFBB1B9B}.Debug|Any CPU.ActiveCfg = Debug|Any CPU
		{9F3F87AC-57DA-4857-9A90-E3ADCFBB1B9B}.Debug|Any CPU.Build.0 = Debug|Any CPU
		{9F3F87AC-57DA-4857-9A90-E3ADCFBB1B9B}.Release|Any CPU.ActiveCfg = Release|Any CPU
		{9F3F87AC-57DA-4857-9A90-E3ADCFBB1B9B}.Release|Any CPU.Build.0 = Release|Any CPU
		{B247D757-6788-43ED-B011-5DC88BCC8601}.Debug|Any CPU.ActiveCfg = Debug|Any CPU
		{B247D757-6788-43ED-B011-5DC88BCC8601}.Debug|Any CPU.Build.0 = Debug|Any CPU
		{B247D757-6788-43ED-B011-5DC88BCC8601}.Release|Any CPU.ActiveCfg = Release|Any CPU
		{B247D757-6788-43ED-B011-5DC88BCC8601}.Release|Any CPU.Build.0 = Release|Any CPU
	EndGlobalSection
	GlobalSection(SolutionProperties) = preSolution
		HideSolutionNode = FALSE
	EndGlobalSection
	GlobalSection(ExtensibilityGlobals) = postSolution
		SolutionGuid = {C77BEED8-6DCB-4D9F-8A07-29387E46C06D}
	EndGlobalSection
EndGlobal
